
Microsoft Visual Studio Solution File, Format Version 12.00
# Visual Studio Version 16
VisualStudioVersion = 16.0.33214.272
MinimumVisualStudioVersion = 10.0.40219.1
Project("{FAE04EC0-301F-11D3-BF4B-00C04F79EFBC}") = "DZ3.2", "DZ3.2\DZ3.2.csproj", "{B3EE9A93-AFB7-4ED7-A89A-B6DEC74E93A6}"
EndProject
Global
	GlobalSection(SolutionConfigurationPlatforms) = preSolution
		Debug|Any CPU = Debug|Any CPU
		Release|Any CPU = Release|Any CPU
	EndGlobalSection
	GlobalSection(ProjectConfigurationPlatforms) = postSolution
		{B3EE9A93-AFB7-4ED7-A89A-B6DEC74E93A6}.Debug|Any CPU.ActiveCfg = Debug|Any CPU
		{B3EE9A93-AFB7-4ED7-A89A-B6DEC74E93A6}.Debug|Any CPU.Build.0 = Debug|Any CPU
		{B3EE9A93-AFB7-4ED7-A89A-B6DEC74E93A6}.Release|Any CPU.ActiveCfg = Release|Any CPU
		{B3EE9A93-AFB7-4ED7-A89A-B6DEC74E93A6}.Release|Any CPU.Build.0 = Release|Any CPU
	EndGlobalSection
	GlobalSection(SolutionProperties) = preSolution
		HideSolutionNode = FALSE
	EndGlobalSection
	GlobalSection(ExtensibilityGlobals) = postSolution
		SolutionGuid = {A48E7A35-3225-4939-B8FC-2FB54A16B739}
	EndGlobalSection
EndGlobal
